
Microsoft Visual Studio Solution File, Format Version 12.00
# Visual Studio Version 17
VisualStudioVersion = 17.8.34511.84
MinimumVisualStudioVersion = 10.0.40219.1
Project("{FAE04EC0-301F-11D3-BF4B-00C04F79EFBC}") = "PixelCelebrateBackend", "PixelCelebrateBackend\PixelCelebrateBackend.csproj", "{2CEBE145-D70C-450D-B8C2-6C63CDB00182}"
EndProject
Global
	GlobalSection(SolutionConfigurationPlatforms) = preSolution
		Debug|Any CPU = Debug|Any CPU
		Release|Any CPU = Release|Any CPU
	EndGlobalSection
	GlobalSection(ProjectConfigurationPlatforms) = postSolution
		{2CEBE145-D70C-450D-B8C2-6C63CDB00182}.Debug|Any CPU.ActiveCfg = Debug|Any CPU
		{2CEBE145-D70C-450D-B8C2-6C63CDB00182}.Debug|Any CPU.Build.0 = Debug|Any CPU
		{2CEBE145-D70C-450D-B8C2-6C63CDB00182}.Release|Any CPU.ActiveCfg = Release|Any CPU
		{2CEBE145-D70C-450D-B8C2-6C63CDB00182}.Release|Any CPU.Build.0 = Release|Any CPU
	EndGlobalSection
	GlobalSection(SolutionProperties) = preSolution
		HideSolutionNode = FALSE
	EndGlobalSection
	GlobalSection(ExtensibilityGlobals) = postSolution
		SolutionGuid = {380361E0-417D-40AA-8496-64B55457A8B4}
	EndGlobalSection
EndGlobal
